
Microsoft Visual Studio Solution File, Format Version 12.00
# Visual Studio Version 16
VisualStudioVersion = 16.0.29102.190
MinimumVisualStudioVersion = 10.0.40219.1
Project("{FAE04EC0-301F-11D3-BF4B-00C04F79EFBC}") = "Ample.UWP", "Ample\Ample.UWP\Ample.UWP.csproj", "{7463755D-1D07-40D3-B0A2-A6F589DAA2D1}"
EndProject
Project("{FAE04EC0-301F-11D3-BF4B-00C04F79EFBC}") = "Ample.Android", "Ample\Ample.Android\Ample.Android.csproj", "{F1BA6780-4A54-4E28-8681-F1073D3574BA}"
EndProject
Project("{FAE04EC0-301F-11D3-BF4B-00C04F79EFBC}") = "Ample.iOS", "Ample\Ample.iOS\Ample.iOS.csproj", "{D0A6B6B3-AB5F-4A4A-8F08-E411DF550FA8}"
EndProject
Project("{FAE04EC0-301F-11D3-BF4B-00C04F79EFBC}") = "Ample", "Ample\Ample\Ample.csproj", "{62BB4696-0907-4A94-AE96-CFDE621B3E2D}"
EndProject
Global
	GlobalSection(SolutionConfigurationPlatforms) = preSolution
		Debug|Any CPU = Debug|Any CPU
		Debug|ARM = Debug|ARM
		Debug|iPhone = Debug|iPhone
		Debug|iPhoneSimulator = Debug|iPhoneSimulator
		Debug|x64 = Debug|x64
		Debug|x86 = Debug|x86
		Release|Any CPU = Release|Any CPU
		Release|ARM = Release|ARM
		Release|iPhone = Release|iPhone
		Release|iPhoneSimulator = Release|iPhoneSimulator
		Release|x64 = Release|x64
		Release|x86 = Release|x86
	EndGlobalSection
	GlobalSection(ProjectConfigurationPlatforms) = postSolution
		{7463755D-1D07-40D3-B0A2-A6F589DAA2D1}.Debug|Any CPU.ActiveCfg = Debug|x86
		{7463755D-1D07-40D3-B0A2-A6F589DAA2D1}.Debug|Any CPU.Build.0 = Debug|x86
		{7463755D-1D07-40D3-B0A2-A6F589DAA2D1}.Debug|Any CPU.Deploy.0 = Debug|x86
		{7463755D-1D07-40D3-B0A2-A6F589DAA2D1}.Debug|ARM.ActiveCfg = Debug|ARM
		{7463755D-1D07-40D3-B0A2-A6F589DAA2D1}.Debug|ARM.Build.0 = Debug|ARM
		{7463755D-1D07-40D3-B0A2-A6F589DAA2D1}.Debug|ARM.Deploy.0 = Debug|ARM
		{7463755D-1D07-40D3-B0A2-A6F589DAA2D1}.Debug|iPhone.ActiveCfg = Debug|x86
		{7463755D-1D07-40D3-B0A2-A6F589DAA2D1}.Debug|iPhone.Build.0 = Debug|x86
		{7463755D-1D07-40D3-B0A2-A6F589DAA2D1}.Debug|iPhone.Deploy.0 = Debug|x86
		{7463755D-1D07-40D3-B0A2-A6F589DAA2D1}.Debug|iPhoneSimulator.ActiveCfg = Debug|x86
		{7463755D-1D07-40D3-B0A2-A6F589DAA2D1}.Debug|iPhoneSimulator.Build.0 = Debug|x86
		{7463755D-1D07-40D3-B0A2-A6F589DAA2D1}.Debug|iPhoneSimulator.Deploy.0 = Debug|x86
		{7463755D-1D07-40D3-B0A2-A6F589DAA2D1}.Debug|x64.ActiveCfg = Debug|x64
		{7463755D-1D07-40D3-B0A2-A6F589DAA2D1}.Debug|x64.Build.0 = Debug|x64
		{7463755D-1D07-40D3-B0A2-A6F589DAA2D1}.Debug|x64.Deploy.0 = Debug|x64
		{7463755D-1D07-40D3-B0A2-A6F589DAA2D1}.Debug|x86.ActiveCfg = Debug|x86
		{7463755D-1D07-40D3-B0A2-A6F589DAA2D1}.Debug|x86.Build.0 = Debug|x86
		{7463755D-1D07-40D3-B0A2-A6F589DAA2D1}.Debug|x86.Deploy.0 = Debug|x86
		{7463755D-1D07-40D3-B0A2-A6F589DAA2D1}.Release|Any CPU.ActiveCfg = Release|x86
		{7463755D-1D07-40D3-B0A2-A6F589DAA2D1}.Release|Any CPU.Build.0 = Release|x86
		{7463755D-1D07-40D3-B0A2-A6F589DAA2D1}.Release|Any CPU.Deploy.0 = Release|x86
		{7463755D-1D07-40D3-B0A2-A6F589DAA2D1}.Release|ARM.ActiveCfg = Release|ARM
		{7463755D-1D07-40D3-B0A2-A6F589DAA2D1}.Release|ARM.Build.0 = Release|ARM
		{7463755D-1D07-40D3-B0A2-A6F589DAA2D1}.Release|ARM.Deploy.0 = Release|ARM
		{7463755D-1D07-40D3-B0A2-A6F589DAA2D1}.Release|iPhone.ActiveCfg = Release|x86
		{7463755D-1D07-40D3-B0A2-A6F589DAA2D1}.Release|iPhone.Build.0 = Release|x86
		{7463755D-1D07-40D3-B0A2-A6F589DAA2D1}.Release|iPhone.Deploy.0 = Release|x86
		{7463755D-1D07-40D3-B0A2-A6F589DAA2D1}.Release|iPhoneSimulator.ActiveCfg = Release|x86
		{7463755D-1D07-40D3-B0A2-A6F589DAA2D1}.Release|iPhoneSimulator.Build.0 = Release|x86
		{7463755D-1D07-40D3-B0A2-A6F589DAA2D1}.Release|iPhoneSimulator.Deploy.0 = Release|x86
		{7463755D-1D07-40D3-B0A2-A6F589DAA2D1}.Release|x64.ActiveCfg = Release|x64
		{7463755D-1D07-40D3-B0A2-A6F589DAA2D1}.Release|x64.Build.0 = Release|x64
		{7463755D-1D07-40D3-B0A2-A6F589DAA2D1}.Release|x64.Deploy.0 = Release|x64
		{7463755D-1D07-40D3-B0A2-A6F589DAA2D1}.Release|x86.ActiveCfg = Release|x86
		{7463755D-1D07-40D3-B0A2-A6F589DAA2D1}.Release|x86.Build.0 = Release|x86
		{7463755D-1D07-40D3-B0A2-A6F589DAA2D1}.Release|x86.Deploy.0 = Release|x86
		{F1BA6780-4A54-4E28-8681-F1073D3574BA}.Debug|Any CPU.ActiveCfg = Debug|Any CPU
		{F1BA6780-4A54-4E28-8681-F1073D3574BA}.Debug|Any CPU.Build.0 = Debug|Any CPU
		{F1BA6780-4A54-4E28-8681-F1073D3574BA}.Debug|Any CPU.Deploy.0 = Debug|Any CPU
		{F1BA6780-4A54-4E28-8681-F1073D3574BA}.Debug|ARM.ActiveCfg = Debug|Any CPU
		{F1BA6780-4A54-4E28-8681-F1073D3574BA}.Debug|ARM.Build.0 = Debug|Any CPU
		{F1BA6780-4A54-4E28-8681-F1073D3574BA}.Debug|ARM.Deploy.0 = Debug|Any CPU
		{F1BA6780-4A54-4E28-8681-F1073D3574BA}.Debug|iPhone.ActiveCfg = Debug|Any CPU
		{F1BA6780-4A54-4E28-8681-F1073D3574BA}.Debug|iPhone.Build.0 = Debug|Any CPU
		{F1BA6780-4A54-4E28-8681-F1073D3574BA}.Debug|iPhone.Deploy.0 = Debug|Any CPU
		{F1BA6780-4A54-4E28-8681-F1073D3574BA}.Debug|iPhoneSimulator.ActiveCfg = Debug|Any CPU
		{F1BA6780-4A54-4E28-8681-F1073D3574BA}.Debug|iPhoneSimulator.Build.0 = Debug|Any CPU
		{F1BA6780-4A54-4E28-8681-F1073D3574BA}.Debug|iPhoneSimulator.Deploy.0 = Debug|Any CPU
		{F1BA6780-4A54-4E28-8681-F1073D3574BA}.Debug|x64.ActiveCfg = Debug|Any CPU
		{F1BA6780-4A54-4E28-8681-F1073D3574BA}.Debug|x64.Build.0 = Debug|Any CPU
		{F1BA6780-4A54-4E28-8681-F1073D3574BA}.Debug|x64.Deploy.0 = Debug|Any CPU
		{F1BA6780-4A54-4E28-8681-F1073D3574BA}.Debug|x86.ActiveCfg = Debug|Any CPU
		{F1BA6780-4A54-4E28-8681-F1073D3574BA}.Debug|x86.Build.0 = Debug|Any CPU
		{F1BA6780-4A54-4E28-8681-F1073D3574BA}.Debug|x86.Deploy.0 = Debug|Any CPU
		{F1BA6780-4A54-4E28-8681-F1073D3574BA}.Release|Any CPU.ActiveCfg = Release|Any CPU
		{F1BA6780-4A54-4E28-8681-F1073D3574BA}.Release|Any CPU.Build.0 = Release|Any CPU
		{F1BA6780-4A54-4E28-8681-F1073D3574BA}.Release|Any CPU.Deploy.0 = Release|Any CPU
		{F1BA6780-4A54-4E28-8681-F1073D3574BA}.Release|ARM.ActiveCfg = Release|Any CPU
		{F1BA6780-4A54-4E28-8681-F1073D3574BA}.Release|ARM.Build.0 = Release|Any CPU
		{F1BA6780-4A54-4E28-8681-F1073D3574BA}.Release|ARM.Deploy.0 = Release|Any CPU
		{F1BA6780-4A54-4E28-8681-F1073D3574BA}.Release|iPhone.ActiveCfg = Release|Any CPU
		{F1BA6780-4A54-4E28-8681-F1073D3574BA}.Release|iPhone.Build.0 = Release|Any CPU
		{F1BA6780-4A54-4E28-8681-F1073D3574BA}.Release|iPhone.Deploy.0 = Release|Any CPU
		{F1BA6780-4A54-4E28-8681-F1073D3574BA}.Release|iPhoneSimulator.ActiveCfg = Release|Any CPU
		{F1BA6780-4A54-4E28-8681-F1073D3574BA}.Release|iPhoneSimulator.Build.0 = Release|Any CPU
		{F1BA6780-4A54-4E28-8681-F1073D3574BA}.Release|iPhoneSimulator.Deploy.0 = Release|Any CPU
		{F1BA6780-4A54-4E28-8681-F1073D3574BA}.Release|x64.ActiveCfg = Release|Any CPU
		{F1BA6780-4A54-4E28-8681-F1073D3574BA}.Release|x64.Build.0 = Release|Any CPU
		{F1BA6780-4A54-4E28-8681-F1073D3574BA}.Release|x64.Deploy.0 = Release|Any CPU
		{F1BA6780-4A54-4E28-8681-F1073D3574BA}.Release|x86.ActiveCfg = Release|Any CPU
		{F1BA6780-4A54-4E28-8681-F1073D3574BA}.Release|x86.Build.0 = Release|Any CPU
		{F1BA6780-4A54-4E28-8681-F1073D3574BA}.Release|x86.Deploy.0 = Release|Any CPU
		{D0A6B6B3-AB5F-4A4A-8F08-E411DF550FA8}.Debug|Any CPU.ActiveCfg = Debug|iPhone
		{D0A6B6B3-AB5F-4A4A-8F08-E411DF550FA8}.Debug|Any CPU.Build.0 = Debug|iPhone
		{D0A6B6B3-AB5F-4A4A-8F08-E411DF550FA8}.Debug|Any CPU.Deploy.0 = Debug|iPhone
		{D0A6B6B3-AB5F-4A4A-8F08-E411DF550FA8}.Debug|ARM.ActiveCfg = Debug|iPhoneSimulator
		{D0A6B6B3-AB5F-4A4A-8F08-E411DF550FA8}.Debug|ARM.Build.0 = Debug|iPhoneSimulator
		{D0A6B6B3-AB5F-4A4A-8F08-E411DF550FA8}.Debug|ARM.Deploy.0 = Debug|iPhoneSimulator
		{D0A6B6B3-AB5F-4A4A-8F08-E411DF550FA8}.Debug|iPhone.ActiveCfg = Debug|iPhone
		{D0A6B6B3-AB5F-4A4A-8F08-E411DF550FA8}.Debug|iPhone.Build.0 = Debug|iPhone
		{D0A6B6B3-AB5F-4A4A-8F08-E411DF550FA8}.Debug|iPhone.Deploy.0 = Debug|iPhone
		{D0A6B6B3-AB5F-4A4A-8F08-E411DF550FA8}.Debug|iPhoneSimulator.ActiveCfg = Debug|iPhoneSimulator
		{D0A6B6B3-AB5F-4A4A-8F08-E411DF550FA8}.Debug|iPhoneSimulator.Build.0 = Debug|iPhoneSimulator
		{D0A6B6B3-AB5F-4A4A-8F08-E411DF550FA8}.Debug|iPhoneSimulator.Deploy.0 = Debug|iPhoneSimulator
		{D0A6B6B3-AB5F-4A4A-8F08-E411DF550FA8}.Debug|x64.ActiveCfg = Debug|iPhone
		{D0A6B6B3-AB5F-4A4A-8F08-E411DF550FA8}.Debug|x64.Build.0 = Debug|iPhone
		{D0A6B6B3-AB5F-4A4A-8F08-E411DF550FA8}.Debug|x64.Deploy.0 = Debug|iPhone
		{D0A6B6B3-AB5F-4A4A-8F08-E411DF550FA8}.Debug|x86.ActiveCfg = Debug|iPhone
		{D0A6B6B3-AB5F-4A4A-8F08-E411DF550FA8}.Debug|x86.Build.0 = Debug|iPhone
		{D0A6B6B3-AB5F-4A4A-8F08-E411DF550FA8}.Debug|x86.Deploy.0 = Debug|iPhone
		{D0A6B6B3-AB5F-4A4A-8F08-E411DF550FA8}.Release|Any CPU.ActiveCfg = Release|iPhone
		{D0A6B6B3-AB5F-4A4A-8F08-E411DF550FA8}.Release|Any CPU.Build.0 = Release|iPhone
		{D0A6B6B3-AB5F-4A4A-8F08-E411DF550FA8}.Release|Any CPU.Deploy.0 = Release|iPhone
		{D0A6B6B3-AB5F-4A4A-8F08-E411DF550FA8}.Release|ARM.ActiveCfg = Release|iPhone
		{D0A6B6B3-AB5F-4A4A-8F08-E411DF550FA8}.Release|ARM.Build.0 = Release|iPhone
		{D0A6B6B3-AB5F-4A4A-8F08-E411DF550FA8}.Release|ARM.Deploy.0 = Release|iPhone
		{D0A6B6B3-AB5F-4A4A-8F08-E411DF550FA8}.Release|iPhone.ActiveCfg = Release|iPhone
		{D0A6B6B3-AB5F-4A4A-8F08-E411DF550FA8}.Release|iPhone.Build.0 = Release|iPhone
		{D0A6B6B3-AB5F-4A4A-8F08-E411DF550FA8}.Release|iPhone.Deploy.0 = Release|iPhone
		{D0A6B6B3-AB5F-4A4A-8F08-E411DF550FA8}.Release|iPhoneSimulator.ActiveCfg = Release|iPhoneSimulator
		{D0A6B6B3-AB5F-4A4A-8F08-E411DF550FA8}.Release|iPhoneSimulator.Build.0 = Release|iPhoneSimulator
		{D0A6B6B3-AB5F-4A4A-8F08-E411DF550FA8}.Release|iPhoneSimulator.Deploy.0 = Release|iPhoneSimulator
		{D0A6B6B3-AB5F-4A4A-8F08-E411DF550FA8}.Release|x64.ActiveCfg = Release|iPhone
		{D0A6B6B3-AB5F-4A4A-8F08-E411DF550FA8}.Release|x64.Build.0 = Release|iPhone
		{D0A6B6B3-AB5F-4A4A-8F08-E411DF550FA8}.Release|x64.Deploy.0 = Release|iPhone
		{D0A6B6B3-AB5F-4A4A-8F08-E411DF550FA8}.Release|x86.ActiveCfg = Release|iPhone
		{D0A6B6B3-AB5F-4A4A-8F08-E411DF550FA8}.Release|x86.Build.0 = Release|iPhone
		{D0A6B6B3-AB5F-4A4A-8F08-E411DF550FA8}.Release|x86.Deploy.0 = Release|iPhone
		{62BB4696-0907-4A94-AE96-CFDE621B3E2D}.Debug|Any CPU.ActiveCfg = Debug|Any CPU
		{62BB4696-0907-4A94-AE96-CFDE621B3E2D}.Debug|Any CPU.Build.0 = Debug|Any CPU
		{62BB4696-0907-4A94-AE96-CFDE621B3E2D}.Debug|Any CPU.Deploy.0 = Debug|Any CPU
		{62BB4696-0907-4A94-AE96-CFDE621B3E2D}.Debug|ARM.ActiveCfg = Debug|Any CPU
		{62BB4696-0907-4A94-AE96-CFDE621B3E2D}.Debug|ARM.Build.0 = Debug|Any CPU
		{62BB4696-0907-4A94-AE96-CFDE621B3E2D}.Debug|ARM.Deploy.0 = Debug|Any CPU
		{62BB4696-0907-4A94-AE96-CFDE621B3E2D}.Debug|iPhone.ActiveCfg = Debug|Any CPU
		{62BB4696-0907-4A94-AE96-CFDE621B3E2D}.Debug|iPhone.Build.0 = Debug|Any CPU
		{62BB4696-0907-4A94-AE96-CFDE621B3E2D}.Debug|iPhone.Deploy.0 = Debug|Any CPU
		{62BB4696-0907-4A94-AE96-CFDE621B3E2D}.Debug|iPhoneSimulator.ActiveCfg = Debug|Any CPU
		{62BB4696-0907-4A94-AE96-CFDE621B3E2D}.Debug|iPhoneSimulator.Build.0 = Debug|Any CPU
		{62BB4696-0907-4A94-AE96-CFDE621B3E2D}.Debug|iPhoneSimulator.Deploy.0 = Debug|Any CPU
		{62BB4696-0907-4A94-AE96-CFDE621B3E2D}.Debug|x64.ActiveCfg = Debug|Any CPU
		{62BB4696-0907-4A94-AE96-CFDE621B3E2D}.Debug|x64.Build.0 = Debug|Any CPU
		{62BB4696-0907-4A94-AE96-CFDE621B3E2D}.Debug|x64.Deploy.0 = Debug|Any CPU
		{62BB4696-0907-4A94-AE96-CFDE621B3E2D}.Debug|x86.ActiveCfg = Debug|Any CPU
		{62BB4696-0907-4A94-AE96-CFDE621B3E2D}.Debug|x86.Build.0 = Debug|Any CPU
		{62BB4696-0907-4A94-AE96-CFDE621B3E2D}.Debug|x86.Deploy.0 = Debug|Any CPU
		{62BB4696-0907-4A94-AE96-CFDE621B3E2D}.Release|Any CPU.ActiveCfg = Release|Any CPU
		{62BB4696-0907-4A94-AE96-CFDE621B3E2D}.Release|Any CPU.Build.0 = Release|Any CPU
		{62BB4696-0907-4A94-AE96-CFDE621B3E2D}.Release|Any CPU.Deploy.0 = Release|Any CPU
		{62BB4696-0907-4A94-AE96-CFDE621B3E2D}.Release|ARM.ActiveCfg = Release|Any CPU
		{62BB4696-0907-4A94-AE96-CFDE621B3E2D}.Release|ARM.Build.0 = Release|Any CPU
		{62BB4696-0907-4A94-AE96-CFDE621B3E2D}.Release|ARM.Deploy.0 = Release|Any CPU
		{62BB4696-0907-4A94-AE96-CFDE621B3E2D}.Release|iPhone.ActiveCfg = Release|Any CPU
		{62BB4696-0907-4A94-AE96-CFDE621B3E2D}.Release|iPhone.Build.0 = Release|Any CPU
		{62BB4696-0907-4A94-AE96-CFDE621B3E2D}.Release|iPhone.Deploy.0 = Release|Any CPU
		{62BB4696-0907-4A94-AE96-CFDE621B3E2D}.Release|iPhoneSimulator.ActiveCfg = Release|Any CPU
		{62BB4696-0907-4A94-AE96-CFDE621B3E2D}.Release|iPhoneSimulator.Build.0 = Release|Any CPU
		{62BB4696-0907-4A94-AE96-CFDE621B3E2D}.Release|iPhoneSimulator.Deploy.0 = Release|Any CPU
		{62BB4696-0907-4A94-AE96-CFDE621B3E2D}.Release|x64.ActiveCfg = Release|Any CPU
		{62BB4696-0907-4A94-AE96-CFDE621B3E2D}.Release|x64.Build.0 = Release|Any CPU
		{62BB4696-0907-4A94-AE96-CFDE621B3E2D}.Release|x64.Deploy.0 = Release|Any CPU
		{62BB4696-0907-4A94-AE96-CFDE621B3E2D}.Release|x86.ActiveCfg = Release|Any CPU
		{62BB4696-0907-4A94-AE96-CFDE621B3E2D}.Release|x86.Build.0 = Release|Any CPU
		{62BB4696-0907-4A94-AE96-CFDE621B3E2D}.Release|x86.Deploy.0 = Release|Any CPU
	EndGlobalSection
	GlobalSection(SolutionProperties) = preSolution
		HideSolutionNode = FALSE
	EndGlobalSection
	GlobalSection(ExtensibilityGlobals) = postSolution
		SolutionGuid = {59636DBF-E07B-48B2-B7D4-0A13023F1E1B}
	EndGlobalSection
EndGlobal
